
Microsoft Visual Studio Solution File, Format Version 12.00
# Visual Studio Version 17
VisualStudioVersion = 17.5.33516.290
MinimumVisualStudioVersion = 10.0.40219.1
Project("{FAE04EC0-301F-11D3-BF4B-00C04F79EFBC}") = "trabml", "trabml\trabml.csproj", "{135FE2D3-B17D-4558-8B04-693E49353051}"
EndProject
Global
	GlobalSection(SolutionConfigurationPlatforms) = preSolution
		Debug|Any CPU = Debug|Any CPU
		Release|Any CPU = Release|Any CPU
	EndGlobalSection
	GlobalSection(ProjectConfigurationPlatforms) = postSolution
		{135FE2D3-B17D-4558-8B04-693E49353051}.Debug|Any CPU.ActiveCfg = Debug|Any CPU
		{135FE2D3-B17D-4558-8B04-693E49353051}.Debug|Any CPU.Build.0 = Debug|Any CPU
		{135FE2D3-B17D-4558-8B04-693E49353051}.Release|Any CPU.ActiveCfg = Release|Any CPU
		{135FE2D3-B17D-4558-8B04-693E49353051}.Release|Any CPU.Build.0 = Release|Any CPU
	EndGlobalSection
	GlobalSection(SolutionProperties) = preSolution
		HideSolutionNode = FALSE
	EndGlobalSection
	GlobalSection(ExtensibilityGlobals) = postSolution
		SolutionGuid = {9800B30A-AE28-4975-8809-984960D6CECA}
	EndGlobalSection
EndGlobal
